
Microsoft Visual Studio Solution File, Format Version 12.00
# Visual Studio Version 16
VisualStudioVersion = 16.0.31911.196
MinimumVisualStudioVersion = 10.0.40219.1
Project("{9A19103F-16F7-4668-BE54-9A1E7A4F7556}") = "SilviqDancheva-2101321099", "SilviqDancheva-2101321099\SilviqDancheva-2101321099.csproj", "{FCBEDBDB-E911-449B-B871-32DEA097A679}"
EndProject
Global
	GlobalSection(SolutionConfigurationPlatforms) = preSolution
		Debug|Any CPU = Debug|Any CPU
		Release|Any CPU = Release|Any CPU
	EndGlobalSection
	GlobalSection(ProjectConfigurationPlatforms) = postSolution
		{FCBEDBDB-E911-449B-B871-32DEA097A679}.Debug|Any CPU.ActiveCfg = Debug|Any CPU
		{FCBEDBDB-E911-449B-B871-32DEA097A679}.Debug|Any CPU.Build.0 = Debug|Any CPU
		{FCBEDBDB-E911-449B-B871-32DEA097A679}.Release|Any CPU.ActiveCfg = Release|Any CPU
		{FCBEDBDB-E911-449B-B871-32DEA097A679}.Release|Any CPU.Build.0 = Release|Any CPU
	EndGlobalSection
	GlobalSection(SolutionProperties) = preSolution
		HideSolutionNode = FALSE
	EndGlobalSection
	GlobalSection(ExtensibilityGlobals) = postSolution
		SolutionGuid = {453620A4-BC54-443E-8E3C-0874C0BD749F}
	EndGlobalSection
EndGlobal
